
Microsoft Visual Studio Solution File, Format Version 12.00
# Visual Studio Version 17
VisualStudioVersion = 17.1.32210.238
MinimumVisualStudioVersion = 10.0.40219.1
Project("{FAE04EC0-301F-11D3-BF4B-00C04F79EFBC}") = "MathServiceLibrary", "MathServiceLibrary\MathServiceLibrary.csproj", "{B43AE552-0A32-445F-A22A-C566095A2A8A}"
EndProject
Project("{FAE04EC0-301F-11D3-BF4B-00C04F79EFBC}") = "MathWindowsServiceHost", "MathWindowsServiceHost\MathWindowsServiceHost.csproj", "{4AE8A643-2DF1-45C0-AB96-F2910E9B782F}"
EndProject
Project("{FAE04EC0-301F-11D3-BF4B-00C04F79EFBC}") = "MathClient", "MathClient\MathClient.csproj", "{88048AD1-9A03-49E2-BAD7-7D9632584B49}"
	ProjectSection(ProjectDependencies) = postProject
		{B43AE552-0A32-445F-A22A-C566095A2A8A} = {B43AE552-0A32-445F-A22A-C566095A2A8A}
	EndProjectSection
EndProject
Global
	GlobalSection(SolutionConfigurationPlatforms) = preSolution
		Debug|Any CPU = Debug|Any CPU
		Release|Any CPU = Release|Any CPU
	EndGlobalSection
	GlobalSection(ProjectConfigurationPlatforms) = postSolution
		{B43AE552-0A32-445F-A22A-C566095A2A8A}.Debug|Any CPU.ActiveCfg = Debug|Any CPU
		{B43AE552-0A32-445F-A22A-C566095A2A8A}.Debug|Any CPU.Build.0 = Debug|Any CPU
		{B43AE552-0A32-445F-A22A-C566095A2A8A}.Release|Any CPU.ActiveCfg = Release|Any CPU
		{B43AE552-0A32-445F-A22A-C566095A2A8A}.Release|Any CPU.Build.0 = Release|Any CPU
		{4AE8A643-2DF1-45C0-AB96-F2910E9B782F}.Debug|Any CPU.ActiveCfg = Debug|Any CPU
		{4AE8A643-2DF1-45C0-AB96-F2910E9B782F}.Debug|Any CPU.Build.0 = Debug|Any CPU
		{4AE8A643-2DF1-45C0-AB96-F2910E9B782F}.Release|Any CPU.ActiveCfg = Release|Any CPU
		{4AE8A643-2DF1-45C0-AB96-F2910E9B782F}.Release|Any CPU.Build.0 = Release|Any CPU
		{88048AD1-9A03-49E2-BAD7-7D9632584B49}.Debug|Any CPU.ActiveCfg = Debug|Any CPU
		{88048AD1-9A03-49E2-BAD7-7D9632584B49}.Debug|Any CPU.Build.0 = Debug|Any CPU
		{88048AD1-9A03-49E2-BAD7-7D9632584B49}.Release|Any CPU.ActiveCfg = Release|Any CPU
		{88048AD1-9A03-49E2-BAD7-7D9632584B49}.Release|Any CPU.Build.0 = Release|Any CPU
	EndGlobalSection
	GlobalSection(SolutionProperties) = preSolution
		HideSolutionNode = FALSE
	EndGlobalSection
	GlobalSection(ExtensibilityGlobals) = postSolution
		SolutionGuid = {FE394A78-C77A-4C7C-949B-94CF79C5AB57}
	EndGlobalSection
EndGlobal
